// !$*UTF8*$!
{
	archiveVersion = 1;
	classes = {
	};
	objectVersion = 46;
	objects = {

/* Begin PBXBuildFile section */
		EC0DAE5F1E8F4C40006C6DA4 /* DetailsViewController.swift in Sources */ = {isa = PBXBuildFile; fileRef = EC0DAE5E1E8F4C40006C6DA4 /* DetailsViewController.swift */; };
		ECEC5FE91E8DE52F0029F7E5 /* AppDelegate.swift in Sources */ = {isa = PBXBuildFile; fileRef = ECEC5FE81E8DE52F0029F7E5 /* AppDelegate.swift */; };
		ECEC5FEE1E8DE52F0029F7E5 /* Main.storyboard in Resources */ = {isa = PBXBuildFile; fileRef = ECEC5FEC1E8DE52F0029F7E5 /* Main.storyboard */; };
		ECEC5FF01E8DE52F0029F7E5 /* Assets.xcassets in Resources */ = {isa = PBXBuildFile; fileRef = ECEC5FEF1E8DE52F0029F7E5 /* Assets.xcassets */; };
		ECEC5FF31E8DE52F0029F7E5 /* LaunchScreen.storyboard in Resources */ = {isa = PBXBuildFile; fileRef = ECEC5FF11E8DE52F0029F7E5 /* LaunchScreen.storyboard */; };
		ECEC5FFB1E8F3D600029F7E5 /* MoviesViewController.swift in Sources */ = {isa = PBXBuildFile; fileRef = ECEC5FFA1E8F3D600029F7E5 /* MoviesViewController.swift */; };
		ECEC5FFE1E8F43BC0029F7E5 /* MovieCell.swift in Sources */ = {isa = PBXBuildFile; fileRef = ECEC5FFD1E8F43BC0029F7E5 /* MovieCell.swift */; };
		F445DFD6E1B5D8B6E7093517 /* Pods_Flicks.framework in Frameworks */ = {isa = PBXBuildFile; fileRef = B1A64BB1ADFB26F2F47EDC58 /* Pods_Flicks.framework */; };
/* End PBXBuildFile section */

/* Begin PBXFileReference section */
		89A8F1682B0F2A52B66D175C /* Pods-Flicks.release.xcconfig */ = {isa = PBXFileReference; includeInIndex = 1; lastKnownFileType = text.xcconfig; name = "Pods-Flicks.release.xcconfig"; path = "Pods/Target Support Files/Pods-Flicks/Pods-Flicks.release.xcconfig"; sourceTree = "<group>"; };
		B1A64BB1ADFB26F2F47EDC58 /* Pods_Flicks.framework */ = {isa = PBXFileReference; explicitFileType = wrapper.framework; includeInIndex = 0; path = Pods_Flicks.framework; sourceTree = BUILT_PRODUCTS_DIR; };
		EC0DAE5E1E8F4C40006C6DA4 /* DetailsViewController.swift */ = {isa = PBXFileReference; fileEncoding = 4; lastKnownFileType = sourcecode.swift; path = DetailsViewController.swift; sourceTree = "<group>"; };
		ECEC5FE51E8DE52F0029F7E5 /* Flicks.app */ = {isa = PBXFileReference; explicitFileType = wrapper.application; includeInIndex = 0; path = Flicks.app; sourceTree = BUILT_PRODUCTS_DIR; };
		ECEC5FE81E8DE52F0029F7E5 /* AppDelegate.swift */ = {isa = PBXFileReference; lastKnownFileType = sourcecode.swift; path = AppDelegate.swift; sourceTree = "<group>"; };
		ECEC5FED1E8DE52F0029F7E5 /* Base */ = {isa = PBXFileReference; lastKnownFileType = file.storyboard; name = Base; path = Base.lproj/Main.storyboard; sourceTree = "<group>"; };
		ECEC5FEF1E8DE52F0029F7E5 /* Assets.xcassets */ = {isa = PBXFileReference; lastKnownFileType = folder.assetcatalog; path = Assets.xcassets; sourceTree = "<group>"; };
		ECEC5FF21E8DE52F0029F7E5 /* Base */ = {isa = PBXFileReference; lastKnownFileType = file.storyboard; name = Base; path = Base.lproj/LaunchScreen.storyboard; sourceTree = "<group>"; };
		ECEC5FF41E8DE52F0029F7E5 /* Info.plist */ = {isa = PBXFileReference; lastKnownFileType = text.plist.xml; path = Info.plist; sourceTree = "<group>"; };
		ECEC5FFA1E8F3D600029F7E5 /* MoviesViewController.swift */ = {isa = PBXFileReference; fileEncoding = 4; lastKnownFileType = sourcecode.swift; path = MoviesViewController.swift; sourceTree = "<group>"; };
		ECEC5FFD1E8F43BC0029F7E5 /* MovieCell.swift */ = {isa = PBXFileReference; fileEncoding = 4; lastKnownFileType = sourcecode.swift; path = MovieCell.swift; sourceTree = "<group>"; };
		F72DB8882B16A5C20E960E6A /* Pods-Flicks.debug.xcconfig */ = {isa = PBXFileReference; includeInIndex = 1; lastKnownFileType = text.xcconfig; name = "Pods-Flicks.debug.xcconfig"; path = "Pods/Target Support Files/Pods-Flicks/Pods-Flicks.debug.xcconfig"; sourceTree = "<group>"; };
/* End PBXFileReference section */

/* Begin PBXFrameworksBuildPhase section */
		ECEC5FE21E8DE52F0029F7E5 /* Frameworks */ = {
			isa = PBXFrameworksBuildPhase;
			buildActionMask = 2147483647;
			files = (
				F445DFD6E1B5D8B6E7093517 /* Pods_Flicks.framework in Frameworks */,
			);
			runOnlyForDeploymentPostprocessing = 0;
		};
/* End PBXFrameworksBuildPhase section */

/* Begin PBXGroup section */
		04642E6C1FACE4C6502024C4 /* Pods */ = {
			isa = PBXGroup;
			children = (
				F72DB8882B16A5C20E960E6A /* Pods-Flicks.debug.xcconfig */,
				89A8F1682B0F2A52B66D175C /* Pods-Flicks.release.xcconfig */,
			);
			name = Pods;
			sourceTree = "<group>";
		};
		7FC21F3704466D0FCF83A5C5 /* Frameworks */ = {
			isa = PBXGroup;
			children = (
				B1A64BB1ADFB26F2F47EDC58 /* Pods_Flicks.framework */,
			);
			name = Frameworks;
			sourceTree = "<group>";
		};
		ECEC5FDC1E8DE52F0029F7E5 = {
			isa = PBXGroup;
			children = (
				ECEC5FE71E8DE52F0029F7E5 /* Flicks */,
				ECEC5FE61E8DE52F0029F7E5 /* Products */,
				04642E6C1FACE4C6502024C4 /* Pods */,
				7FC21F3704466D0FCF83A5C5 /* Frameworks */,
			);
			sourceTree = "<group>";
		};
		ECEC5FE61E8DE52F0029F7E5 /* Products */ = {
			isa = PBXGroup;
			children = (
				ECEC5FE51E8DE52F0029F7E5 /* Flicks.app */,
			);
			name = Products;
			sourceTree = "<group>";
		};
		ECEC5FE71E8DE52F0029F7E5 /* Flicks */ = {
			isa = PBXGroup;
			children = (
				ECEC5FFF1E8F43D20029F7E5 /* ViewControllers */,
				ECEC5FFC1E8F439B0029F7E5 /* Views */,
				ECEC5FE81E8DE52F0029F7E5 /* AppDelegate.swift */,
				ECEC5FEC1E8DE52F0029F7E5 /* Main.storyboard */,
				ECEC5FEF1E8DE52F0029F7E5 /* Assets.xcassets */,
				ECEC5FF11E8DE52F0029F7E5 /* LaunchScreen.storyboard */,
				ECEC5FF41E8DE52F0029F7E5 /* Info.plist */,
			);
			path = Flicks;
			sourceTree = "<group>";
		};
		ECEC5FFC1E8F439B0029F7E5 /* Views */ = {
			isa = PBXGroup;
			children = (
				ECEC5FFD1E8F43BC0029F7E5 /* MovieCell.swift */,
			);
			name = Views;
			sourceTree = "<group>";
		};
		ECEC5FFF1E8F43D20029F7E5 /* ViewControllers */ = {
			isa = PBXGroup;
			children = (
				ECEC5FFA1E8F3D600029F7E5 /* MoviesViewController.swift */,
				EC0DAE5E1E8F4C40006C6DA4 /* DetailsViewController.swift */,
			);
			name = ViewControllers;
			sourceTree = "<group>";
		};
/* End PBXGroup section */

/* Begin PBXNativeTarget section */
		ECEC5FE41E8DE52F0029F7E5 /* Flicks */ = {
			isa = PBXNativeTarget;
			buildConfigurationList = ECEC5FF71E8DE52F0029F7E5 /* Build configuration list for PBXNativeTarget "Flicks" */;
			buildPhases = (
				A60B77C762B3B8F10E691DE9 /* [CP] Check Pods Manifest.lock */,
				ECEC5FE11E8DE52F0029F7E5 /* Sources */,
				ECEC5FE21E8DE52F0029F7E5 /* Frameworks */,
				ECEC5FE31E8DE52F0029F7E5 /* Resources */,
				7B14820510BC49B6007A0165 /* [CP] Embed Pods Frameworks */,
				388901AB35FF36F37101EF64 /* [CP] Copy Pods Resources */,
			);
			buildRules = (
			);
			dependencies = (
			);
			name = Flicks;
			productName = Flicks;
			productReference = ECEC5FE51E8DE52F0029F7E5 /* Flicks.app */;
			productType = "com.apple.product-type.application";
		};
/* End PBXNativeTarget section */

/* Begin PBXProject section */
		ECEC5FDD1E8DE52F0029F7E5 /* Project object */ = {
			isa = PBXProject;
			attributes = {
				LastSwiftUpdateCheck = 0830;
				LastUpgradeCheck = 0830;
				ORGANIZATIONNAME = codepath;
				TargetAttributes = {
					ECEC5FE41E8DE52F0029F7E5 = {
						CreatedOnToolsVersion = 8.3;
						DevelopmentTeam = 6R6MVZP5LR;
						ProvisioningStyle = Automatic;
					};
				};
			};
			buildConfigurationList = ECEC5FE01E8DE52F0029F7E5 /* Build configuration list for PBXProject "Flicks" */;
			compatibilityVersion = "Xcode 3.2";
			developmentRegion = English;
			hasScannedForEncodings = 0;
			knownRegions = (
				en,
				Base,
			);
			mainGroup = ECEC5FDC1E8DE52F0029F7E5;
			productRefGroup = ECEC5FE61E8DE52F0029F7E5 /* Products */;
			projectDirPath = "";
			projectRoot = "";
			targets = (
				ECEC5FE41E8DE52F0029F7E5 /* Flicks */,
			);
		};
/* End PBXProject section */

/* Begin PBXResourcesBuildPhase section */
		ECEC5FE31E8DE52F0029F7E5 /* Resources */ = {
			isa = PBXResourcesBuildPhase;
			buildActionMask = 2147483647;
			files = (
				ECEC5FF31E8DE52F0029F7E5 /* LaunchScreen.storyboard in Resources */,
				ECEC5FF01E8DE52F0029F7E5 /* Assets.xcassets in Resources */,
				ECEC5FEE1E8DE52F0029F7E5 /* Main.storyboard in Resources */,
			);
			runOnlyForDeploymentPostprocessing = 0;
		};
/* End PBXResourcesBuildPhase section */

/* Begin PBXShellScriptBuildPhase section */
		388901AB35FF36F37101EF64 /* [CP] Copy Pods Resources */ = {
			isa = PBXShellScriptBuildPhase;
			buildActionMask = 2147483647;
			files = (
			);
			inputPaths = (
			);
			name = "[CP] Copy Pods Resources";
			outputPaths = (
			);
			runOnlyForDeploymentPostprocessing = 0;
			shellPath = /bin/sh;
			shellScript = "\"${SRCROOT}/Pods/Target Support Files/Pods-Flicks/Pods-Flicks-resources.sh\"\n";
			showEnvVarsInLog = 0;
		};
		7B14820510BC49B6007A0165 /* [CP] Embed Pods Frameworks */ = {
			isa = PBXShellScriptBuildPhase;
			buildActionMask = 2147483647;
			files = (
			);
			inputPaths = (
			);
			name = "[CP] Embed Pods Frameworks";
			outputPaths = (
			);
			runOnlyForDeploymentPostprocessing = 0;
			shellPath = /bin/sh;
			shellScript = "\"${SRCROOT}/Pods/Target Support Files/Pods-Flicks/Pods-Flicks-frameworks.sh\"\n";
			showEnvVarsInLog = 0;
		};
		A60B77C762B3B8F10E691DE9 /* [CP] Check Pods Manifest.lock */ = {
			isa = PBXShellScriptBuildPhase;
			buildActionMask = 2147483647;
			files = (
			);
			inputPaths = (
			);
			name = "[CP] Check Pods Manifest.lock";
			outputPaths = (
			);
			runOnlyForDeploymentPostprocessing = 0;
			shellPath = /bin/sh;
			shellScript = "diff \"${PODS_ROOT}/../Podfile.lock\" \"${PODS_ROOT}/Manifest.lock\" > /dev/null\nif [ $? != 0 ] ; then\n    # print error to STDERR\n    echo \"error: The sandbox is not in sync with the Podfile.lock. Run 'pod install' or update your CocoaPods installation.\" >&2\n    exit 1\nfi\n";
			showEnvVarsInLog = 0;
		};
/* End PBXShellScriptBuildPhase section */

/* Begin PBXSourcesBuildPhase section */
		ECEC5FE11E8DE52F0029F7E5 /* Sources */ = {
			isa = PBXSourcesBuildPhase;
			buildActionMask = 2147483647;
			files = (
				ECEC5FE91E8DE52F0029F7E5 /* AppDelegate.swift in Sources */,
				ECEC5FFB1E8F3D600029F7E5 /* MoviesViewController.swift in Sources */,
				ECEC5FFE1E8F43BC0029F7E5 /* MovieCell.swift in Sources */,
				EC0DAE5F1E8F4C40006C6DA4 /* DetailsViewController.swift in Sources */,
			);
			runOnlyForDeploymentPostprocessing = 0;
		};
/* End PBXSourcesBuildPhase section */

/* Begin PBXVariantGroup section */
		ECEC5FEC1E8DE52F0029F7E5 /* Main.storyboard */ = {
			isa = PBXVariantGroup;
			children = (
				ECEC5FED1E8DE52F0029F7E5 /* Base */,
			);
			name = Main.storyboard;
			sourceTree = "<group>";
		};
		ECEC5FF11E8DE52F0029F7E5 /* LaunchScreen.storyboard */ = {
			isa = PBXVariantGroup;
			children = (
				ECEC5FF21E8DE52F0029F7E5 /* Base */,
			);
			name = LaunchScreen.storyboard;
			sourceTree = "<group>";
		};
/* End PBXVariantGroup section */

/* Begin XCBuildConfiguration section */
		ECEC5FF51E8DE52F0029F7E5 /* Debug */ = {
			isa = XCBuildConfiguration;
			buildSettings = {
				ALWAYS_SEARCH_USER_PATHS = NO;
				CLANG_ANALYZER_NONNULL = YES;
				CLANG_ANALYZER_NUMBER_OBJECT_CONVERSION = YES_AGGRESSIVE;
				CLANG_CXX_LANGUAGE_STANDARD = "gnu++0x";
				CLANG_CXX_LIBRARY = "libc++";
				CLANG_ENABLE_MODULES = YES;
				CLANG_ENABLE_OBJC_ARC = YES;
				CLANG_WARN_BOOL_CONVERSION = YES;
				CLANG_WARN_CONSTANT_CONVERSION = YES;
				CLANG_WARN_DIRECT_OBJC_ISA_USAGE = YES_ERROR;
				CLANG_WARN_DOCUMENTATION_COMMENTS = YES;
				CLANG_WARN_EMPTY_BODY = YES;
				CLANG_WARN_ENUM_CONVERSION = YES;
				CLANG_WARN_INFINITE_RECURSION = YES;
				CLANG_WARN_INT_CONVERSION = YES;
				CLANG_WARN_OBJC_ROOT_CLASS = YES_ERROR;
				CLANG_WARN_SUSPICIOUS_MOVE = YES;
				CLANG_WARN_UNREACHABLE_CODE = YES;
				CLANG_WARN__DUPLICATE_METHOD_MATCH = YES;
				"CODE_SIGN_IDENTITY[sdk=iphoneos*]" = "iPhone Developer";
				COPY_PHASE_STRIP = NO;
				DEBUG_INFORMATION_FORMAT = dwarf;
				ENABLE_STRICT_OBJC_MSGSEND = YES;
				ENABLE_TESTABILITY = YES;
				GCC_C_LANGUAGE_STANDARD = gnu99;
				GCC_DYNAMIC_NO_PIC = NO;
				GCC_NO_COMMON_BLOCKS = YES;
				GCC_OPTIMIZATION_LEVEL = 0;
				GCC_PREPROCESSOR_DEFINITIONS = (
					"DEBUG=1",
					"$(inherited)",
				);
				GCC_WARN_64_TO_32_BIT_CONVERSION = YES;
				GCC_WARN_ABOUT_RETURN_TYPE = YES_ERROR;
				GCC_WARN_UNDECLARED_SELECTOR = YES;
				GCC_WARN_UNINITIALIZED_AUTOS = YES_AGGRESSIVE;
				GCC_WARN_UNUSED_FUNCTION = YES;
				GCC_WARN_UNUSED_VARIABLE = YES;
				IPHONEOS_DEPLOYMENT_TARGET = 10.3;
				MTL_ENABLE_DEBUG_INFO = YES;
				ONLY_ACTIVE_ARCH = YES;
				SDKROOT = iphoneos;
				SWIFT_ACTIVE_COMPILATION_CONDITIONS = DEBUG;
				SWIFT_OPTIMIZATION_LEVEL = "-Onone";
				TARGETED_DEVICE_FAMILY = "1,2";
			};
			name = Debug;
		};
		ECEC5FF61E8DE52F0029F7E5 /* Release */ = {
			isa = XCBuildConfiguration;
			buildSettings = {
				ALWAYS_SEARCH_USER_PATHS = NO;
				CLANG_ANALYZER_NONNULL = YES;
				CLANG_ANALYZER_NUMBER_OBJECT_CONVERSION = YES_AGGRESSIVE;
				CLANG_CXX_LANGUAGE_STANDARD = "gnu++0x";
				CLANG_CXX_LIBRARY = "libc++";
				CLANG_ENABLE_MODULES = YES;
				CLANG_ENABLE_OBJC_ARC = YES;
				CLANG_WARN_BOOL_CONVERSION = YES;
				CLANG_WARN_CONSTANT_CONVERSION = YES;
				CLANG_WARN_DIRECT_OBJC_ISA_USAGE = YES_ERROR;
				CLANG_WARN_DOCUMENTATION_COMMENTS = YES;
				CLANG_WARN_EMPTY_BODY = YES;
				CLANG_WARN_ENUM_CONVERSION = YES;
				CLANG_WARN_INFINITE_RECURSION = YES;
				CLANG_WARN_INT_CONVERSION = YES;
				CLANG_WARN_OBJC_ROOT_CLASS = YES_ERROR;
				CLANG_WARN_SUSPICIOUS_MOVE = YES;
				CLANG_WARN_UNREACHABLE_CODE = YES;
				CLANG_WARN__DUPLICATE_METHOD_MATCH = YES;
				"CODE_SIGN_IDENTITY[sdk=iphoneos*]" = "iPhone Developer";
				COPY_PHASE_STRIP = NO;
				DEBUG_INFORMATION_FORMAT = "dwarf-with-dsym";
				ENABLE_NS_ASSERTIONS = NO;
				ENABLE_STRICT_OBJC_MSGSEND = YES;
				GCC_C_LANGUAGE_STANDARD = gnu99;
				GCC_NO_COMMON_BLOCKS = YES;
				GCC_WARN_64_TO_32_BIT_CONVERSION = YES;
				GCC_WARN_ABOUT_RETURN_TYPE = YES_ERROR;
				GCC_WARN_UNDECLARED_SELECTOR = YES;
				GCC_WARN_UNINITIALIZED_AUTOS = YES_AGGRESSIVE;
				GCC_WARN_UNUSED_FUNCTION = YES;
				GCC_WARN_UNUSED_VARIABLE = YES;
				IPHONEOS_DEPLOYMENT_TARGET = 10.3;
				MTL_ENABLE_DEBUG_INFO = NO;
				SDKROOT = iphoneos;
				SWIFT_OPTIMIZATION_LEVEL = "-Owholemodule";
				TARGETED_DEVICE_FAMILY = "1,2";
				VALIDATE_PRODUCT = YES;
			};
			name = Release;
		};
		ECEC5FF81E8DE52F0029F7E5 /* Debug */ = {
			isa = XCBuildConfiguration;
			baseConfigurationReference = F72DB8882B16A5C20E960E6A /* Pods-Flicks.debug.xcconfig */;
			buildSettings = {
				ASSETCATALOG_COMPILER_APPICON_NAME = AppIcon;
				DEVELOPMENT_TEAM = 6R6MVZP5LR;
				INFOPLIST_FILE = Flicks/Info.plist;
				LD_RUNPATH_SEARCH_PATHS = "$(inherited) @executable_path/Frameworks";
				PRODUCT_BUNDLE_IDENTIFIER = com.codepath.Flicks;
				PRODUCT_NAME = "$(TARGET_NAME)";
				SWIFT_VERSION = 3.0;
			};
			name = Debug;
		};
		ECEC5FF91E8DE52F0029F7E5 /* Release */ = {
			isa = XCBuildConfiguration;
			baseConfigurationReference = 89A8F1682B0F2A52B66D175C /* Pods-Flicks.release.xcconfig */;
			buildSettings = {
				ASSETCATALOG_COMPILER_APPICON_NAME = AppIcon;
				DEVELOPMENT_TEAM = 6R6MVZP5LR;
				INFOPLIST_FILE = Flicks/Info.plist;
				LD_RUNPATH_SEARCH_PATHS = "$(inherited) @executable_path/Frameworks";
				PRODUCT_BUNDLE_IDENTIFIER = com.codepath.Flicks;
				PRODUCT_NAME = "$(TARGET_NAME)";
				SWIFT_VERSION = 3.0;
			};
			name = Release;
		};
/* End XCBuildConfiguration section */

/* Begin XCConfigurationList section */
		ECEC5FE01E8DE52F0029F7E5 /* Build configuration list for PBXProject "Flicks" */ = {
			isa = XCConfigurationList;
			buildConfigurations = (
				ECEC5FF51E8DE52F0029F7E5 /* Debug */,
				ECEC5FF61E8DE52F0029F7E5 /* Release */,
			);
			defaultConfigurationIsVisible = 0;
			defaultConfigurationName = Release;
		};
		ECEC5FF71E8DE52F0029F7E5 /* Build configuration list for PBXNativeTarget "Flicks" */ = {
			isa = XCConfigurationList;
			buildConfigurations = (
				ECEC5FF81E8DE52F0029F7E5 /* Debug */,
				ECEC5FF91E8DE52F0029F7E5 /* Release */,
			);
			defaultConfigurationIsVisible = 0;
			defaultConfigurationName = Release;
		};
/* End XCConfigurationList section */
	};
	rootObject = ECEC5FDD1E8DE52F0029F7E5 /* Project object */;
}
